
Microsoft Visual Studio Solution File, Format Version 12.00
# Visual Studio Version 17
VisualStudioVersion = 17.6.33829.357
MinimumVisualStudioVersion = 10.0.40219.1
Project("{FAE04EC0-301F-11D3-BF4B-00C04F79EFBC}") = "RunGroopWepApp", "RunGroopWepApp\RunGroopWepApp.csproj", "{3438B79B-F16F-422F-8E04-1DB02C7FFA46}"
EndProject
Global
	GlobalSection(SolutionConfigurationPlatforms) = preSolution
		Debug|Any CPU = Debug|Any CPU
		Release|Any CPU = Release|Any CPU
	EndGlobalSection
	GlobalSection(ProjectConfigurationPlatforms) = postSolution
		{3438B79B-F16F-422F-8E04-1DB02C7FFA46}.Debug|Any CPU.ActiveCfg = Debug|Any CPU
		{3438B79B-F16F-422F-8E04-1DB02C7FFA46}.Debug|Any CPU.Build.0 = Debug|Any CPU
		{3438B79B-F16F-422F-8E04-1DB02C7FFA46}.Release|Any CPU.ActiveCfg = Release|Any CPU
		{3438B79B-F16F-422F-8E04-1DB02C7FFA46}.Release|Any CPU.Build.0 = Release|Any CPU
	EndGlobalSection
	GlobalSection(SolutionProperties) = preSolution
		HideSolutionNode = FALSE
	EndGlobalSection
	GlobalSection(ExtensibilityGlobals) = postSolution
		SolutionGuid = {A6383317-104B-4665-86D4-1CC866408469}
	EndGlobalSection
EndGlobal
